
Microsoft Visual Studio Solution File, Format Version 12.00
# Visual Studio 15
Project("{FAE04EC0-301F-11D3-BF4B-00C04F79EFBC}") = "Assembly-CSharp-firstpass", "Assembly-CSharp-firstpass.csproj", "{8E0C3901-E49D-E4CC-F9FF-D1F1DB8B01EA}"
EndProject
Project("{FAE04EC0-301F-11D3-BF4B-00C04F79EFBC}") = "Assembly-CSharp", "Assembly-CSharp.csproj", "{0B721549-4843-A1EE-B7C2-92460F97D2F4}"
EndProject
Global
	GlobalSection(SolutionConfigurationPlatforms) = preSolution
		Debug|Any CPU = Debug|Any CPU
		Release|Any CPU = Release|Any CPU
	EndGlobalSection
	GlobalSection(ProjectConfigurationPlatforms) = postSolution
		{8E0C3901-E49D-E4CC-F9FF-D1F1DB8B01EA}.Debug|Any CPU.ActiveCfg = Debug|Any CPU
		{8E0C3901-E49D-E4CC-F9FF-D1F1DB8B01EA}.Debug|Any CPU.Build.0 = Debug|Any CPU
		{8E0C3901-E49D-E4CC-F9FF-D1F1DB8B01EA}.Release|Any CPU.ActiveCfg = Release|Any CPU
		{8E0C3901-E49D-E4CC-F9FF-D1F1DB8B01EA}.Release|Any CPU.Build.0 = Release|Any CPU
		{0B721549-4843-A1EE-B7C2-92460F97D2F4}.Debug|Any CPU.ActiveCfg = Debug|Any CPU
		{0B721549-4843-A1EE-B7C2-92460F97D2F4}.Debug|Any CPU.Build.0 = Debug|Any CPU
		{0B721549-4843-A1EE-B7C2-92460F97D2F4}.Release|Any CPU.ActiveCfg = Release|Any CPU
		{0B721549-4843-A1EE-B7C2-92460F97D2F4}.Release|Any CPU.Build.0 = Release|Any CPU
	EndGlobalSection
	GlobalSection(SolutionProperties) = preSolution
		HideSolutionNode = FALSE
	EndGlobalSection
EndGlobal
