
Microsoft Visual Studio Solution File, Format Version 12.00
# Visual Studio 15
Project("{FAE04EC0-301F-11D3-BF4B-00C04F79EFBC}") = "Assembly-CSharp-firstpass", "Assembly-CSharp-firstpass.csproj", "{9FBB70A5-F7C0-78B9-50AE-FEA200109DBD}"
EndProject
Project("{FAE04EC0-301F-11D3-BF4B-00C04F79EFBC}") = "Assembly-CSharp", "Assembly-CSharp.csproj", "{6B8FBD35-D3DB-BBBC-73D8-533A0AE4F2D0}"
EndProject
Global
	GlobalSection(SolutionConfigurationPlatforms) = preSolution
		Debug|Any CPU = Debug|Any CPU
		Release|Any CPU = Release|Any CPU
	EndGlobalSection
	GlobalSection(ProjectConfigurationPlatforms) = postSolution
		{9FBB70A5-F7C0-78B9-50AE-FEA200109DBD}.Debug|Any CPU.ActiveCfg = Debug|Any CPU
		{9FBB70A5-F7C0-78B9-50AE-FEA200109DBD}.Debug|Any CPU.Build.0 = Debug|Any CPU
		{9FBB70A5-F7C0-78B9-50AE-FEA200109DBD}.Release|Any CPU.ActiveCfg = Release|Any CPU
		{9FBB70A5-F7C0-78B9-50AE-FEA200109DBD}.Release|Any CPU.Build.0 = Release|Any CPU
		{6B8FBD35-D3DB-BBBC-73D8-533A0AE4F2D0}.Debug|Any CPU.ActiveCfg = Debug|Any CPU
		{6B8FBD35-D3DB-BBBC-73D8-533A0AE4F2D0}.Debug|Any CPU.Build.0 = Debug|Any CPU
		{6B8FBD35-D3DB-BBBC-73D8-533A0AE4F2D0}.Release|Any CPU.ActiveCfg = Release|Any CPU
		{6B8FBD35-D3DB-BBBC-73D8-533A0AE4F2D0}.Release|Any CPU.Build.0 = Release|Any CPU
	EndGlobalSection
	GlobalSection(SolutionProperties) = preSolution
		HideSolutionNode = FALSE
	EndGlobalSection
EndGlobal
